
Microsoft Visual Studio Solution File, Format Version 12.00
# Visual Studio Version 17
VisualStudioVersion = 17.12.35707.178
MinimumVisualStudioVersion = 10.0.40219.1
Project("{FAE04EC0-301F-11D3-BF4B-00C04F79EFBC}") = "TestProject", "TestProject\TestProject.csproj", "{9CFF62BF-2D2A-4B1C-812A-AC8752A96259}"
EndProject
Project("{FAE04EC0-301F-11D3-BF4B-00C04F79EFBC}") = "Services", "Services\Services.csproj", "{3A7D6BBC-1F5E-4E7F-9E75-18797D09C8DB}"
EndProject
Project("{FAE04EC0-301F-11D3-BF4B-00C04F79EFBC}") = "WpfClient", "WpfClient\WpfClient.csproj", "{602F6C5A-B145-572C-BBC7-D4E7F1AB7A73}"
EndProject
Project("{FAE04EC0-301F-11D3-BF4B-00C04F79EFBC}") = "AutoImperialDAO", "AutoImperialDAO\AutoImperialDAO.csproj", "{0E5AF189-6AE8-4D27-84B4-A72047B45038}"
EndProject
Global
	GlobalSection(SolutionConfigurationPlatforms) = preSolution
		Debug|Any CPU = Debug|Any CPU
		Release|Any CPU = Release|Any CPU
	EndGlobalSection
	GlobalSection(ProjectConfigurationPlatforms) = postSolution
		{9CFF62BF-2D2A-4B1C-812A-AC8752A96259}.Debug|Any CPU.ActiveCfg = Debug|Any CPU
		{9CFF62BF-2D2A-4B1C-812A-AC8752A96259}.Debug|Any CPU.Build.0 = Debug|Any CPU
		{9CFF62BF-2D2A-4B1C-812A-AC8752A96259}.Release|Any CPU.ActiveCfg = Release|Any CPU
		{9CFF62BF-2D2A-4B1C-812A-AC8752A96259}.Release|Any CPU.Build.0 = Release|Any CPU
		{3A7D6BBC-1F5E-4E7F-9E75-18797D09C8DB}.Debug|Any CPU.ActiveCfg = Debug|Any CPU
		{3A7D6BBC-1F5E-4E7F-9E75-18797D09C8DB}.Debug|Any CPU.Build.0 = Debug|Any CPU
		{3A7D6BBC-1F5E-4E7F-9E75-18797D09C8DB}.Release|Any CPU.ActiveCfg = Release|Any CPU
		{3A7D6BBC-1F5E-4E7F-9E75-18797D09C8DB}.Release|Any CPU.Build.0 = Release|Any CPU
		{602F6C5A-B145-572C-BBC7-D4E7F1AB7A73}.Debug|Any CPU.ActiveCfg = Debug|Any CPU
		{602F6C5A-B145-572C-BBC7-D4E7F1AB7A73}.Debug|Any CPU.Build.0 = Debug|Any CPU
		{602F6C5A-B145-572C-BBC7-D4E7F1AB7A73}.Release|Any CPU.ActiveCfg = Release|Any CPU
		{602F6C5A-B145-572C-BBC7-D4E7F1AB7A73}.Release|Any CPU.Build.0 = Release|Any CPU
		{0E5AF189-6AE8-4D27-84B4-A72047B45038}.Debug|Any CPU.ActiveCfg = Debug|Any CPU
		{0E5AF189-6AE8-4D27-84B4-A72047B45038}.Debug|Any CPU.Build.0 = Debug|Any CPU
		{0E5AF189-6AE8-4D27-84B4-A72047B45038}.Release|Any CPU.ActiveCfg = Release|Any CPU
		{0E5AF189-6AE8-4D27-84B4-A72047B45038}.Release|Any CPU.Build.0 = Release|Any CPU
	EndGlobalSection
	GlobalSection(SolutionProperties) = preSolution
		HideSolutionNode = FALSE
	EndGlobalSection
EndGlobal
